
Microsoft Visual Studio Solution File, Format Version 12.00
# Visual Studio 14
VisualStudioVersion = 14.0.25420.1
MinimumVisualStudioVersion = 10.0.40219.1
Project("{FAE04EC0-301F-11D3-BF4B-00C04F79EFBC}") = "Parser", "Parser\Parser.csproj", "{216EC8F9-2B0F-4F5F-B41D-DC138E4A28F6}"
EndProject
Project("{FAE04EC0-301F-11D3-BF4B-00C04F79EFBC}") = "Language", "Language\Language.csproj", "{7F4423B1-4D5B-475F-B355-2DFC2613BBB7}"
EndProject
Project("{FAE04EC0-301F-11D3-BF4B-00C04F79EFBC}") = "Vision", "Vision\Vision.csproj", "{839E6A85-4AC2-4638-B3A1-B65100AF1C03}"
EndProject
Global
	GlobalSection(SolutionConfigurationPlatforms) = preSolution
		Debug|Any CPU = Debug|Any CPU
		Release|Any CPU = Release|Any CPU
	EndGlobalSection
	GlobalSection(ProjectConfigurationPlatforms) = postSolution
		{216EC8F9-2B0F-4F5F-B41D-DC138E4A28F6}.Debug|Any CPU.ActiveCfg = Debug|Any CPU
		{216EC8F9-2B0F-4F5F-B41D-DC138E4A28F6}.Debug|Any CPU.Build.0 = Debug|Any CPU
		{216EC8F9-2B0F-4F5F-B41D-DC138E4A28F6}.Release|Any CPU.ActiveCfg = Release|Any CPU
		{216EC8F9-2B0F-4F5F-B41D-DC138E4A28F6}.Release|Any CPU.Build.0 = Release|Any CPU
		{7F4423B1-4D5B-475F-B355-2DFC2613BBB7}.Debug|Any CPU.ActiveCfg = Debug|Any CPU
		{7F4423B1-4D5B-475F-B355-2DFC2613BBB7}.Debug|Any CPU.Build.0 = Debug|Any CPU
		{7F4423B1-4D5B-475F-B355-2DFC2613BBB7}.Release|Any CPU.ActiveCfg = Release|Any CPU
		{7F4423B1-4D5B-475F-B355-2DFC2613BBB7}.Release|Any CPU.Build.0 = Release|Any CPU
		{839E6A85-4AC2-4638-B3A1-B65100AF1C03}.Debug|Any CPU.ActiveCfg = Debug|Any CPU
		{839E6A85-4AC2-4638-B3A1-B65100AF1C03}.Debug|Any CPU.Build.0 = Debug|Any CPU
		{839E6A85-4AC2-4638-B3A1-B65100AF1C03}.Release|Any CPU.ActiveCfg = Release|Any CPU
		{839E6A85-4AC2-4638-B3A1-B65100AF1C03}.Release|Any CPU.Build.0 = Release|Any CPU
	EndGlobalSection
	GlobalSection(SolutionProperties) = preSolution
		HideSolutionNode = FALSE
	EndGlobalSection
EndGlobal
